// !$*UTF8*$!
{
	archiveVersion = 1;
	classes = {
	};
	objectVersion = 48;
	objects = {

/* Begin PBXBuildFile section */
		C982BA852016E60F00828AF9 /* MapKit.framework in Frameworks */ = {isa = PBXBuildFile; fileRef = C982BA842016E60F00828AF9 /* MapKit.framework */; };
		C982BA872016F54900828AF9 /* PokedexViewController.swift in Sources */ = {isa = PBXBuildFile; fileRef = C982BA862016F54900828AF9 /* PokedexViewController.swift */; };
		C985DA7520146975006DAFDD /* AppDelegate.swift in Sources */ = {isa = PBXBuildFile; fileRef = C985DA7420146975006DAFDD /* AppDelegate.swift */; };
		C985DA7720146975006DAFDD /* ViewController.swift in Sources */ = {isa = PBXBuildFile; fileRef = C985DA7620146975006DAFDD /* ViewController.swift */; };
		C985DA7A20146975006DAFDD /* Main.storyboard in Resources */ = {isa = PBXBuildFile; fileRef = C985DA7820146975006DAFDD /* Main.storyboard */; };
		C985DA7D20146975006DAFDD /* PokemonGo.xcdatamodeld in Sources */ = {isa = PBXBuildFile; fileRef = C985DA7B20146975006DAFDD /* PokemonGo.xcdatamodeld */; };
		C985DA7F20146975006DAFDD /* Assets.xcassets in Resources */ = {isa = PBXBuildFile; fileRef = C985DA7E20146975006DAFDD /* Assets.xcassets */; };
		C985DA8220146975006DAFDD /* LaunchScreen.storyboard in Resources */ = {isa = PBXBuildFile; fileRef = C985DA8020146975006DAFDD /* LaunchScreen.storyboard */; };
		C9AA3E2920201A4A002D77F1 /* CoreDataHelp.swift in Sources */ = {isa = PBXBuildFile; fileRef = C9AA3E2820201A4A002D77F1 /* CoreDataHelp.swift */; };
		C9AA3E2B20202C02002D77F1 /* PokeAnnotation.swift in Sources */ = {isa = PBXBuildFile; fileRef = C9AA3E2A20202C02002D77F1 /* PokeAnnotation.swift */; };
/* End PBXBuildFile section */

/* Begin PBXFileReference section */
		C982BA842016E60F00828AF9 /* MapKit.framework */ = {isa = PBXFileReference; lastKnownFileType = wrapper.framework; name = MapKit.framework; path = System/Library/Frameworks/MapKit.framework; sourceTree = SDKROOT; };
		C982BA862016F54900828AF9 /* PokedexViewController.swift */ = {isa = PBXFileReference; lastKnownFileType = sourcecode.swift; path = PokedexViewController.swift; sourceTree = "<group>"; };
		C985DA7120146975006DAFDD /* PokemonGo.app */ = {isa = PBXFileReference; explicitFileType = wrapper.application; includeInIndex = 0; path = PokemonGo.app; sourceTree = BUILT_PRODUCTS_DIR; };
		C985DA7420146975006DAFDD /* AppDelegate.swift */ = {isa = PBXFileReference; lastKnownFileType = sourcecode.swift; path = AppDelegate.swift; sourceTree = "<group>"; };
		C985DA7620146975006DAFDD /* ViewController.swift */ = {isa = PBXFileReference; lastKnownFileType = sourcecode.swift; path = ViewController.swift; sourceTree = "<group>"; };
		C985DA7920146975006DAFDD /* Base */ = {isa = PBXFileReference; lastKnownFileType = file.storyboard; name = Base; path = Base.lproj/Main.storyboard; sourceTree = "<group>"; };
		C985DA7C20146975006DAFDD /* PokemonGo.xcdatamodel */ = {isa = PBXFileReference; lastKnownFileType = wrapper.xcdatamodel; path = PokemonGo.xcdatamodel; sourceTree = "<group>"; };
		C985DA7E20146975006DAFDD /* Assets.xcassets */ = {isa = PBXFileReference; lastKnownFileType = folder.assetcatalog; path = Assets.xcassets; sourceTree = "<group>"; };
		C985DA8120146975006DAFDD /* Base */ = {isa = PBXFileReference; lastKnownFileType = file.storyboard; name = Base; path = Base.lproj/LaunchScreen.storyboard; sourceTree = "<group>"; };
		C985DA8320146975006DAFDD /* Info.plist */ = {isa = PBXFileReference; lastKnownFileType = text.plist.xml; path = Info.plist; sourceTree = "<group>"; };
		C9AA3E2820201A4A002D77F1 /* CoreDataHelp.swift */ = {isa = PBXFileReference; lastKnownFileType = sourcecode.swift; path = CoreDataHelp.swift; sourceTree = "<group>"; };
		C9AA3E2A20202C02002D77F1 /* PokeAnnotation.swift */ = {isa = PBXFileReference; lastKnownFileType = sourcecode.swift; path = PokeAnnotation.swift; sourceTree = "<group>"; };
/* End PBXFileReference section */

/* Begin PBXFrameworksBuildPhase section */
		C985DA6E20146975006DAFDD /* Frameworks */ = {
			isa = PBXFrameworksBuildPhase;
			buildActionMask = 2147483647;
			files = (
				C982BA852016E60F00828AF9 /* MapKit.framework in Frameworks */,
			);
			runOnlyForDeploymentPostprocessing = 0;
		};
/* End PBXFrameworksBuildPhase section */

/* Begin PBXGroup section */
		C982BA832016E60E00828AF9 /* Frameworks */ = {
			isa = PBXGroup;
			children = (
				C982BA842016E60F00828AF9 /* MapKit.framework */,
			);
			name = Frameworks;
			sourceTree = "<group>";
		};
		C985DA6820146975006DAFDD = {
			isa = PBXGroup;
			children = (
				C985DA7320146975006DAFDD /* PokemonGo */,
				C985DA7220146975006DAFDD /* Products */,
				C982BA832016E60E00828AF9 /* Frameworks */,
			);
			sourceTree = "<group>";
		};
		C985DA7220146975006DAFDD /* Products */ = {
			isa = PBXGroup;
			children = (
				C985DA7120146975006DAFDD /* PokemonGo.app */,
			);
			name = Products;
			sourceTree = "<group>";
		};
		C985DA7320146975006DAFDD /* PokemonGo */ = {
			isa = PBXGroup;
			children = (
				C985DA7420146975006DAFDD /* AppDelegate.swift */,
				C985DA7620146975006DAFDD /* ViewController.swift */,
				C982BA862016F54900828AF9 /* PokedexViewController.swift */,
				C9AA3E2820201A4A002D77F1 /* CoreDataHelp.swift */,
				C9AA3E2A20202C02002D77F1 /* PokeAnnotation.swift */,
				C985DA7820146975006DAFDD /* Main.storyboard */,
				C985DA7E20146975006DAFDD /* Assets.xcassets */,
				C985DA8020146975006DAFDD /* LaunchScreen.storyboard */,
				C985DA8320146975006DAFDD /* Info.plist */,
				C985DA7B20146975006DAFDD /* PokemonGo.xcdatamodeld */,
			);
			path = PokemonGo;
			sourceTree = "<group>";
		};
/* End PBXGroup section */

/* Begin PBXNativeTarget section */
		C985DA7020146975006DAFDD /* PokemonGo */ = {
			isa = PBXNativeTarget;
			buildConfigurationList = C985DA8620146975006DAFDD /* Build configuration list for PBXNativeTarget "PokemonGo" */;
			buildPhases = (
				C985DA6D20146975006DAFDD /* Sources */,
				C985DA6E20146975006DAFDD /* Frameworks */,
				C985DA6F20146975006DAFDD /* Resources */,
			);
			buildRules = (
			);
			dependencies = (
			);
			name = PokemonGo;
			productName = PokemonGo;
			productReference = C985DA7120146975006DAFDD /* PokemonGo.app */;
			productType = "com.apple.product-type.application";
		};
/* End PBXNativeTarget section */

/* Begin PBXProject section */
		C985DA6920146975006DAFDD /* Project object */ = {
			isa = PBXProject;
			attributes = {
				LastSwiftUpdateCheck = 0920;
				LastUpgradeCheck = 0920;
				ORGANIZATIONNAME = "Marcus Jessnitz";
				TargetAttributes = {
					C985DA7020146975006DAFDD = {
						CreatedOnToolsVersion = 9.2;
						ProvisioningStyle = Automatic;
					};
				};
			};
			buildConfigurationList = C985DA6C20146975006DAFDD /* Build configuration list for PBXProject "PokemonGo" */;
			compatibilityVersion = "Xcode 8.0";
			developmentRegion = en;
			hasScannedForEncodings = 0;
			knownRegions = (
				en,
				Base,
			);
			mainGroup = C985DA6820146975006DAFDD;
			productRefGroup = C985DA7220146975006DAFDD /* Products */;
			projectDirPath = "";
			projectRoot = "";
			targets = (
				C985DA7020146975006DAFDD /* PokemonGo */,
			);
		};
/* End PBXProject section */

/* Begin PBXResourcesBuildPhase section */
		C985DA6F20146975006DAFDD /* Resources */ = {
			isa = PBXResourcesBuildPhase;
			buildActionMask = 2147483647;
			files = (
				C985DA8220146975006DAFDD /* LaunchScreen.storyboard in Resources */,
				C985DA7F20146975006DAFDD /* Assets.xcassets in Resources */,
				C985DA7A20146975006DAFDD /* Main.storyboard in Resources */,
			);
			runOnlyForDeploymentPostprocessing = 0;
		};
/* End PBXResourcesBuildPhase section */

/* Begin PBXSourcesBuildPhase section */
		C985DA6D20146975006DAFDD /* Sources */ = {
			isa = PBXSourcesBuildPhase;
			buildActionMask = 2147483647;
			files = (
				C985DA7720146975006DAFDD /* ViewController.swift in Sources */,
				C9AA3E2B20202C02002D77F1 /* PokeAnnotation.swift in Sources */,
				C982BA872016F54900828AF9 /* PokedexViewController.swift in Sources */,
				C985DA7520146975006DAFDD /* AppDelegate.swift in Sources */,
				C9AA3E2920201A4A002D77F1 /* CoreDataHelp.swift in Sources */,
				C985DA7D20146975006DAFDD /* PokemonGo.xcdatamodeld in Sources */,
			);
			runOnlyForDeploymentPostprocessing = 0;
		};
/* End PBXSourcesBuildPhase section */

/* Begin PBXVariantGroup section */
		C985DA7820146975006DAFDD /* Main.storyboard */ = {
			isa = PBXVariantGroup;
			children = (
				C985DA7920146975006DAFDD /* Base */,
			);
			name = Main.storyboard;
			sourceTree = "<group>";
		};
		C985DA8020146975006DAFDD /* LaunchScreen.storyboard */ = {
			isa = PBXVariantGroup;
			children = (
				C985DA8120146975006DAFDD /* Base */,
			);
			name = LaunchScreen.storyboard;
			sourceTree = "<group>";
		};
/* End PBXVariantGroup section */

/* Begin XCBuildConfiguration section */
		C985DA8420146975006DAFDD /* Debug */ = {
			isa = XCBuildConfiguration;
			buildSettings = {
				ALWAYS_SEARCH_USER_PATHS = NO;
				CLANG_ANALYZER_NONNULL = YES;
				CLANG_ANALYZER_NUMBER_OBJECT_CONVERSION = YES_AGGRESSIVE;
				CLANG_CXX_LANGUAGE_STANDARD = "gnu++14";
				CLANG_CXX_LIBRARY = "libc++";
				CLANG_ENABLE_MODULES = YES;
				CLANG_ENABLE_OBJC_ARC = YES;
				CLANG_WARN_BLOCK_CAPTURE_AUTORELEASING = YES;
				CLANG_WARN_BOOL_CONVERSION = YES;
				CLANG_WARN_COMMA = YES;
				CLANG_WARN_CONSTANT_CONVERSION = YES;
				CLANG_WARN_DIRECT_OBJC_ISA_USAGE = YES_ERROR;
				CLANG_WARN_DOCUMENTATION_COMMENTS = YES;
				CLANG_WARN_EMPTY_BODY = YES;
				CLANG_WARN_ENUM_CONVERSION = YES;
				CLANG_WARN_INFINITE_RECURSION = YES;
				CLANG_WARN_INT_CONVERSION = YES;
				CLANG_WARN_NON_LITERAL_NULL_CONVERSION = YES;
				CLANG_WARN_OBJC_LITERAL_CONVERSION = YES;
				CLANG_WARN_OBJC_ROOT_CLASS = YES_ERROR;
				CLANG_WARN_RANGE_LOOP_ANALYSIS = YES;
				CLANG_WARN_STRICT_PROTOTYPES = YES;
				CLANG_WARN_SUSPICIOUS_MOVE = YES;
				CLANG_WARN_UNGUARDED_AVAILABILITY = YES_AGGRESSIVE;
				CLANG_WARN_UNREACHABLE_CODE = YES;
				CLANG_WARN__DUPLICATE_METHOD_MATCH = YES;
				CODE_SIGN_IDENTITY = "iPhone Developer";
				COPY_PHASE_STRIP = NO;
				DEBUG_INFORMATION_FORMAT = dwarf;
				ENABLE_STRICT_OBJC_MSGSEND = YES;
				ENABLE_TESTABILITY = YES;
				GCC_C_LANGUAGE_STANDARD = gnu11;
				GCC_DYNAMIC_NO_PIC = NO;
				GCC_NO_COMMON_BLOCKS = YES;
				GCC_OPTIMIZATION_LEVEL = 0;
				GCC_PREPROCESSOR_DEFINITIONS = (
					"DEBUG=1",
					"$(inherited)",
				);
				GCC_WARN_64_TO_32_BIT_CONVERSION = YES;
				GCC_WARN_ABOUT_RETURN_TYPE = YES_ERROR;
				GCC_WARN_UNDECLARED_SELECTOR = YES;
				GCC_WARN_UNINITIALIZED_AUTOS = YES_AGGRESSIVE;
				GCC_WARN_UNUSED_FUNCTION = YES;
				GCC_WARN_UNUSED_VARIABLE = YES;
				IPHONEOS_DEPLOYMENT_TARGET = 11.2;
				MTL_ENABLE_DEBUG_INFO = YES;
				ONLY_ACTIVE_ARCH = YES;
				SDKROOT = iphoneos;
				SWIFT_ACTIVE_COMPILATION_CONDITIONS = DEBUG;
				SWIFT_OPTIMIZATION_LEVEL = "-Onone";
			};
			name = Debug;
		};
		C985DA8520146975006DAFDD /* Release */ = {
			isa = XCBuildConfiguration;
			buildSettings = {
				ALWAYS_SEARCH_USER_PATHS = NO;
				CLANG_ANALYZER_NONNULL = YES;
				CLANG_ANALYZER_NUMBER_OBJECT_CONVERSION = YES_AGGRESSIVE;
				CLANG_CXX_LANGUAGE_STANDARD = "gnu++14";
				CLANG_CXX_LIBRARY = "libc++";
				CLANG_ENABLE_MODULES = YES;
				CLANG_ENABLE_OBJC_ARC = YES;
				CLANG_WARN_BLOCK_CAPTURE_AUTORELEASING = YES;
				CLANG_WARN_BOOL_CONVERSION = YES;
				CLANG_WARN_COMMA = YES;
				CLANG_WARN_CONSTANT_CONVERSION = YES;
				CLANG_WARN_DIRECT_OBJC_ISA_USAGE = YES_ERROR;
				CLANG_WARN_DOCUMENTATION_COMMENTS = YES;
				CLANG_WARN_EMPTY_BODY = YES;
				CLANG_WARN_ENUM_CONVERSION = YES;
				CLANG_WARN_INFINITE_RECURSION = YES;
				CLANG_WARN_INT_CONVERSION = YES;
				CLANG_WARN_NON_LITERAL_NULL_CONVERSION = YES;
				CLANG_WARN_OBJC_LITERAL_CONVERSION = YES;
				CLANG_WARN_OBJC_ROOT_CLASS = YES_ERROR;
				CLANG_WARN_RANGE_LOOP_ANALYSIS = YES;
				CLANG_WARN_STRICT_PROTOTYPES = YES;
				CLANG_WARN_SUSPICIOUS_MOVE = YES;
				CLANG_WARN_UNGUARDED_AVAILABILITY = YES_AGGRESSIVE;
				CLANG_WARN_UNREACHABLE_CODE = YES;
				CLANG_WARN__DUPLICATE_METHOD_MATCH = YES;
				CODE_SIGN_IDENTITY = "iPhone Developer";
				COPY_PHASE_STRIP = NO;
				DEBUG_INFORMATION_FORMAT = "dwarf-with-dsym";
				ENABLE_NS_ASSERTIONS = NO;
				ENABLE_STRICT_OBJC_MSGSEND = YES;
				GCC_C_LANGUAGE_STANDARD = gnu11;
				GCC_NO_COMMON_BLOCKS = YES;
				GCC_WARN_64_TO_32_BIT_CONVERSION = YES;
				GCC_WARN_ABOUT_RETURN_TYPE = YES_ERROR;
				GCC_WARN_UNDECLARED_SELECTOR = YES;
				GCC_WARN_UNINITIALIZED_AUTOS = YES_AGGRESSIVE;
				GCC_WARN_UNUSED_FUNCTION = YES;
				GCC_WARN_UNUSED_VARIABLE = YES;
				IPHONEOS_DEPLOYMENT_TARGET = 11.2;
				MTL_ENABLE_DEBUG_INFO = NO;
				SDKROOT = iphoneos;
				SWIFT_OPTIMIZATION_LEVEL = "-Owholemodule";
				VALIDATE_PRODUCT = YES;
			};
			name = Release;
		};
		C985DA8720146975006DAFDD /* Debug */ = {
			isa = XCBuildConfiguration;
			buildSettings = {
				ASSETCATALOG_COMPILER_APPICON_NAME = AppIcon;
				CODE_SIGN_STYLE = Automatic;
				DEVELOPMENT_TEAM = P25V3DPBM4;
				INFOPLIST_FILE = PokemonGo/Info.plist;
				IPHONEOS_DEPLOYMENT_TARGET = 10.3;
				LD_RUNPATH_SEARCH_PATHS = "$(inherited) @executable_path/Frameworks";
				PRODUCT_BUNDLE_IDENTIFIER = com.venor.net.PokemonGo;
				PRODUCT_NAME = "$(TARGET_NAME)";
				SWIFT_VERSION = 4.0;
				TARGETED_DEVICE_FAMILY = "1,2";
			};
			name = Debug;
		};
		C985DA8820146975006DAFDD /* Release */ = {
			isa = XCBuildConfiguration;
			buildSettings = {
				ASSETCATALOG_COMPILER_APPICON_NAME = AppIcon;
				CODE_SIGN_STYLE = Automatic;
				DEVELOPMENT_TEAM = P25V3DPBM4;
				INFOPLIST_FILE = PokemonGo/Info.plist;
				IPHONEOS_DEPLOYMENT_TARGET = 10.3;
				LD_RUNPATH_SEARCH_PATHS = "$(inherited) @executable_path/Frameworks";
				PRODUCT_BUNDLE_IDENTIFIER = com.venor.net.PokemonGo;
				PRODUCT_NAME = "$(TARGET_NAME)";
				SWIFT_VERSION = 4.0;
				TARGETED_DEVICE_FAMILY = "1,2";
			};
			name = Release;
		};
/* End XCBuildConfiguration section */

/* Begin XCConfigurationList section */
		C985DA6C20146975006DAFDD /* Build configuration list for PBXProject "PokemonGo" */ = {
			isa = XCConfigurationList;
			buildConfigurations = (
				C985DA8420146975006DAFDD /* Debug */,
				C985DA8520146975006DAFDD /* Release */,
			);
			defaultConfigurationIsVisible = 0;
			defaultConfigurationName = Release;
		};
		C985DA8620146975006DAFDD /* Build configuration list for PBXNativeTarget "PokemonGo" */ = {
			isa = XCConfigurationList;
			buildConfigurations = (
				C985DA8720146975006DAFDD /* Debug */,
				C985DA8820146975006DAFDD /* Release */,
			);
			defaultConfigurationIsVisible = 0;
			defaultConfigurationName = Release;
		};
/* End XCConfigurationList section */

/* Begin XCVersionGroup section */
		C985DA7B20146975006DAFDD /* PokemonGo.xcdatamodeld */ = {
			isa = XCVersionGroup;
			children = (
				C985DA7C20146975006DAFDD /* PokemonGo.xcdatamodel */,
			);
			currentVersion = C985DA7C20146975006DAFDD /* PokemonGo.xcdatamodel */;
			path = PokemonGo.xcdatamodeld;
			sourceTree = "<group>";
			versionGroupType = wrapper.xcdatamodel;
		};
/* End XCVersionGroup section */
	};
	rootObject = C985DA6920146975006DAFDD /* Project object */;
}
